{
  "version": 4,
  "terraform_version": "1.14.9",
  "serial": 14,
  "lineage": "29531520-3c39-637d-f92d-e5d3662c4414",
  "outputs": {
    "argocd_namespace": {
      "value": "argocd",
      "type": "string"
    },
    "argocd_server_url_nodeport": {
      "value": "http://\u003cnode-ip\u003e:30080",
      "type": "string"
    },
    "argocd_server_url_portforward": {
      "value": "http://localhost:8080 (after running: kubectl port-forward -n argocd svc/argocd-server 8080:443)",
      "type": "string"
    },
    "initial_password_command": {
      "value": "Run the script: powershell -ExecutionPolicy Bypass -File './get-password.ps1'",
      "type": "string"
    },
    "set_password_command": {
      "value": "Run the script: powershell -ExecutionPolicy Bypass -File './set-password.ps1' -NewPassword 'your-password'",
      "type": "string"
    }
  },
  "resources": [
    {
      "mode": "managed",
      "type": "helm_release",
      "name": "argocd",
      "provider": "provider[\"registry.terraform.io/hashicorp/helm\"]",
      "instances": [
        {
          "schema_version": 1,
          "attributes": {
            "atomic": false,
            "chart": "argo-cd",
            "cleanup_on_fail": false,
            "create_namespace": false,
            "dependency_update": false,
            "description": null,
            "devel": null,
            "disable_crd_hooks": false,
            "disable_openapi_validation": false,
            "disable_webhooks": false,
            "force_update": false,
            "id": "argocd",
            "keyring": null,
            "lint": false,
            "manifest": null,
            "max_history": 0,
            "metadata": [
              {
                "app_version": "v2.11.2",
                "chart": "argo-cd",
                "name": "argocd",
                "namespace": "argocd",
                "revision": 1,
                "values": "{\"controller\":{\"resources\":{\"limits\":{\"cpu\":\"500m\",\"memory\":\"512Mi\"},\"requests\":{\"cpu\":\"100m\",\"memory\":\"256Mi\"}}},\"dex\":{\"resources\":{\"limits\":{\"cpu\":\"200m\",\"memory\":\"256Mi\"},\"requests\":{\"cpu\":\"50m\",\"memory\":\"128Mi\"}}},\"notifications\":{\"resources\":{\"limits\":{\"cpu\":\"200m\",\"memory\":\"256Mi\"},\"requests\":{\"cpu\":\"50m\",\"memory\":\"128Mi\"}}},\"persistence\":{\"enabled\":true,\"existingClaim\":\"argocd-pvc\"},\"repoServer\":{\"resources\":{\"limits\":{\"cpu\":\"500m\",\"memory\":\"512Mi\"},\"requests\":{\"cpu\":\"100m\",\"memory\":\"256Mi\"}}},\"server\":{\"insecure\":true,\"resources\":{\"limits\":{\"cpu\":\"500m\",\"memory\":\"512Mi\"},\"requests\":{\"cpu\":\"100m\",\"memory\":\"256Mi\"}},\"service\":{\"nodePort\":30080,\"type\":\"NodePort\"}}}",
                "version": "7.0.0"
              }
            ],
            "name": "argocd",
            "namespace": "argocd",
            "pass_credentials": false,
            "postrender": [],
            "recreate_pods": false,
            "render_subchart_notes": true,
            "replace": false,
            "repository": "https://argoproj.github.io/argo-helm",
            "repository_ca_file": null,
            "repository_cert_file": null,
            "repository_key_file": null,
            "repository_password": null,
            "repository_username": null,
            "reset_values": false,
            "reuse_values": false,
            "set": [
              {
                "name": "controller.resources.limits.cpu",
                "type": "",
                "value": "500m"
              },
              {
                "name": "controller.resources.limits.memory",
                "type": "",
                "value": "512Mi"
              },
              {
                "name": "controller.resources.requests.cpu",
                "type": "",
                "value": "100m"
              },
              {
                "name": "controller.resources.requests.memory",
                "type": "",
                "value": "256Mi"
              },
              {
                "name": "dex.resources.limits.cpu",
                "type": "",
                "value": "200m"
              },
              {
                "name": "dex.resources.limits.memory",
                "type": "",
                "value": "256Mi"
              },
              {
                "name": "dex.resources.requests.cpu",
                "type": "",
                "value": "50m"
              },
              {
                "name": "dex.resources.requests.memory",
                "type": "",
                "value": "128Mi"
              },
              {
                "name": "notifications.resources.limits.cpu",
                "type": "",
                "value": "200m"
              },
              {
                "name": "notifications.resources.limits.memory",
                "type": "",
                "value": "256Mi"
              },
              {
                "name": "notifications.resources.requests.cpu",
                "type": "",
                "value": "50m"
              },
              {
                "name": "notifications.resources.requests.memory",
                "type": "",
                "value": "128Mi"
              },
              {
                "name": "persistence.enabled",
                "type": "",
                "value": "true"
              },
              {
                "name": "persistence.existingClaim",
                "type": "",
                "value": "argocd-pvc"
              },
              {
                "name": "repoServer.resources.limits.cpu",
                "type": "",
                "value": "500m"
              },
              {
                "name": "repoServer.resources.limits.memory",
                "type": "",
                "value": "512Mi"
              },
              {
                "name": "repoServer.resources.requests.cpu",
                "type": "",
                "value": "100m"
              },
              {
                "name": "repoServer.resources.requests.memory",
                "type": "",
                "value": "256Mi"
              },
              {
                "name": "server.insecure",
                "type": "",
                "value": "true"
              },
              {
                "name": "server.resources.limits.cpu",
                "type": "",
                "value": "500m"
              },
              {
                "name": "server.resources.limits.memory",
                "type": "",
                "value": "512Mi"
              },
              {
                "name": "server.resources.requests.cpu",
                "type": "",
                "value": "100m"
              },
              {
                "name": "server.resources.requests.memory",
                "type": "",
                "value": "256Mi"
              },
              {
                "name": "server.service.nodePort",
                "type": "",
                "value": "30080"
              },
              {
                "name": "server.service.type",
                "type": "",
                "value": "NodePort"
              }
            ],
            "set_list": [],
            "set_sensitive": [],
            "skip_crds": false,
            "status": "deployed",
            "timeout": 300,
            "values": null,
            "verify": false,
            "version": "7.0.0",
            "wait": false,
            "wait_for_jobs": false
          },
          "sensitive_attributes": [
            [
              {
                "type": "get_attr",
                "value": "repository_password"
              }
            ]
          ],
          "identity_schema_version": 0,
          "private": "eyJzY2hlbWFfdmVyc2lvbiI6IjEifQ==",
          "dependencies": [
            "kubernetes_namespace.argocd",
            "kubernetes_persistent_volume_claim.argocd_pvc"
          ]
        }
      ]
    },
    {
      "mode": "managed",
      "type": "kubernetes_namespace",
      "name": "argocd",
      "provider": "provider[\"registry.terraform.io/hashicorp/kubernetes\"]",
      "instances": [
        {
          "schema_version": 0,
          "attributes": {
            "id": "argocd",
            "metadata": [
              {
                "annotations": null,
                "generate_name": "",
                "generation": 0,
                "labels": null,
                "name": "argocd",
                "resource_version": "1024971",
                "uid": "a1b51516-a48f-428b-b644-add66e46453f"
              }
            ],
            "timeouts": null,
            "wait_for_default_service_account": false
          },
          "sensitive_attributes": [],
          "identity_schema_version": 0,
          "private": "eyJlMmJmYjczMC1lY2FhLTExZTYtOGY4OC0zNDM2M2JjN2M0YzAiOnsiZGVsZXRlIjozMDAwMDAwMDAwMDB9fQ=="
        }
      ]
    },
    {
      "mode": "managed",
      "type": "kubernetes_persistent_volume_claim",
      "name": "argocd_pvc",
      "provider": "provider[\"registry.terraform.io/hashicorp/kubernetes\"]",
      "instances": [
        {
          "schema_version": 0,
          "attributes": {
            "id": "argocd/argocd-pvc",
            "metadata": [
              {
                "annotations": null,
                "generate_name": "",
                "generation": 0,
                "labels": null,
                "name": "argocd-pvc",
                "namespace": "argocd",
                "resource_version": "1024974",
                "uid": "b703d14a-fcb0-4e7e-850c-25013497b9de"
              }
            ],
            "spec": [
              {
                "access_modes": [
                  "ReadWriteOnce"
                ],
                "resources": [
                  {
                    "limits": null,
                    "requests": {
                      "storage": "10Gi"
                    }
                  }
                ],
                "selector": [],
                "storage_class_name": "local-path",
                "volume_mode": "Filesystem",
                "volume_name": ""
              }
            ],
            "timeouts": null,
            "wait_until_bound": false
          },
          "sensitive_attributes": [],
          "identity_schema_version": 0,
          "private": "eyJlMmJmYjczMC1lY2FhLTExZTYtOGY4OC0zNDM2M2JjN2M0YzAiOnsiY3JlYXRlIjozMDAwMDAwMDAwMDB9fQ==",
          "dependencies": [
            "kubernetes_namespace.argocd"
          ]
        }
      ]
    }
  ],
  "check_results": null
}
