{
  "version": 4,
  "terraform_version": "1.14.9",
  "serial": 6,
  "lineage": "f1bd1f3a-537b-9173-1280-0063d7548bc4",
  "outputs": {},
  "resources": [
    {
      "mode": "managed",
      "type": "kubernetes_namespace",
      "name": "jenkins",
      "provider": "provider[\"registry.terraform.io/hashicorp/kubernetes\"]",
      "instances": [
        {
          "schema_version": 0,
          "attributes": {
            "id": "jenkins",
            "metadata": [
              {
                "annotations": {},
                "generate_name": "",
                "generation": 0,
                "labels": {},
                "name": "jenkins",
                "resource_version": "981718",
                "uid": "92ecb798-39a4-4063-9b6a-156548232fa4"
              }
            ],
            "timeouts": null,
            "wait_for_default_service_account": false
          },
          "sensitive_attributes": [],
          "identity_schema_version": 0,
          "private": "eyJlMmJmYjczMC1lY2FhLTExZTYtOGY4OC0zNDM2M2JjN2M0YzAiOnsiZGVsZXRlIjozMDAwMDAwMDAwMDB9fQ=="
        }
      ]
    },
    {
      "mode": "managed",
      "type": "kubernetes_persistent_volume_claim",
      "name": "jenkins_pvc",
      "provider": "provider[\"registry.terraform.io/hashicorp/kubernetes\"]",
      "instances": [
        {
          "schema_version": 0,
          "attributes": {
            "id": "jenkins/jenkins-pvc",
            "metadata": [
              {
                "annotations": {},
                "generate_name": "",
                "generation": 0,
                "labels": {},
                "name": "jenkins-pvc",
                "namespace": "jenkins",
                "resource_version": "981721",
                "uid": "d176abbe-7109-4576-acbb-1e76c471d7d9"
              }
            ],
            "spec": [
              {
                "access_modes": [
                  "ReadWriteOnce"
                ],
                "resources": [
                  {
                    "limits": {},
                    "requests": {
                      "storage": "5Gi"
                    }
                  }
                ],
                "selector": [],
                "storage_class_name": "local-path",
                "volume_mode": "Filesystem",
                "volume_name": ""
              }
            ],
            "timeouts": null,
            "wait_until_bound": false
          },
          "sensitive_attributes": [],
          "identity_schema_version": 0,
          "private": "eyJlMmJmYjczMC1lY2FhLTExZTYtOGY4OC0zNDM2M2JjN2M0YzAiOnsiY3JlYXRlIjozMDAwMDAwMDAwMDB9fQ==",
          "dependencies": [
            "kubernetes_namespace.jenkins"
          ]
        }
      ]
    }
  ],
  "check_results": null
}
