{
  "version": 4,
  "terraform_version": "1.14.9",
  "serial": 8,
  "lineage": "310f4a95-048c-e9f4-edfa-33492c36dc78",
  "outputs": {},
  "resources": [
    {
      "mode": "managed",
      "type": "helm_release",
      "name": "sonarqube",
      "provider": "provider[\"registry.terraform.io/hashicorp/helm\"]",
      "instances": [
        {
          "status": "tainted",
          "schema_version": 1,
          "attributes": {
            "atomic": false,
            "chart": "sonarqube",
            "cleanup_on_fail": false,
            "create_namespace": true,
            "dependency_update": false,
            "description": null,
            "devel": null,
            "disable_crd_hooks": false,
            "disable_openapi_validation": false,
            "disable_webhooks": false,
            "force_update": false,
            "id": "sonarqube",
            "keyring": null,
            "lint": false,
            "manifest": null,
            "max_history": 0,
            "metadata": [
              {
                "app_version": "2026.2.1",
                "chart": "sonarqube",
                "name": "sonarqube",
                "namespace": "devops",
                "revision": 1,
                "values": "{\"account\":{\"adminPassword\":\"VMware1!\"},\"community\":{\"enabled\":true},\"jvmOpts\":\"-Xmx384m -Xms384m\",\"monitoringPasscode\":\"Ra!u@98858834\",\"persistence\":{\"enabled\":false},\"postgresql\":{\"enabled\":true},\"resources\":{\"requests\":{\"cpu\":\"100m\",\"memory\":\"768Mi\"}},\"search\":{\"javaOpts\":\"-Xmx384m -Xms384m\"}}",
                "version": "2026.2.1"
              }
            ],
            "name": "sonarqube",
            "namespace": "devops",
            "pass_credentials": false,
            "postrender": [],
            "recreate_pods": false,
            "render_subchart_notes": true,
            "replace": false,
            "repository": "https://SonarSource.github.io/helm-chart-sonarqube",
            "repository_ca_file": null,
            "repository_cert_file": null,
            "repository_key_file": null,
            "repository_password": null,
            "repository_username": null,
            "reset_values": false,
            "reuse_values": false,
            "set": [
              {
                "name": "account.adminPassword",
                "type": "",
                "value": "VMware1!"
              },
              {
                "name": "community.enabled",
                "type": "",
                "value": "true"
              },
              {
                "name": "jvmOpts",
                "type": "",
                "value": "-Xmx384m -Xms384m"
              },
              {
                "name": "monitoringPasscode",
                "type": "",
                "value": "Ra!u@98858834"
              },
              {
                "name": "persistence.enabled",
                "type": "",
                "value": "false"
              },
              {
                "name": "postgresql.enabled",
                "type": "",
                "value": "true"
              },
              {
                "name": "resources.requests.cpu",
                "type": "",
                "value": "100m"
              },
              {
                "name": "resources.requests.memory",
                "type": "",
                "value": "768Mi"
              },
              {
                "name": "search.javaOpts",
                "type": "",
                "value": "-Xmx384m -Xms384m"
              }
            ],
            "set_list": [],
            "set_sensitive": [],
            "skip_crds": false,
            "status": "failed",
            "timeout": 900,
            "values": null,
            "verify": false,
            "version": "2026.2.1",
            "wait": true,
            "wait_for_jobs": false
          },
          "sensitive_attributes": [
            [
              {
                "type": "get_attr",
                "value": "repository_password"
              }
            ]
          ],
          "identity_schema_version": 0,
          "private": "eyJzY2hlbWFfdmVyc2lvbiI6IjEifQ=="
        }
      ]
    },
    {
      "mode": "managed",
      "type": "helm_release",
      "name": "trivy_operator",
      "provider": "provider[\"registry.terraform.io/hashicorp/helm\"]",
      "instances": [
        {
          "schema_version": 1,
          "attributes": {
            "atomic": false,
            "chart": "trivy-operator",
            "cleanup_on_fail": false,
            "create_namespace": true,
            "dependency_update": false,
            "description": null,
            "devel": null,
            "disable_crd_hooks": false,
            "disable_openapi_validation": false,
            "disable_webhooks": false,
            "force_update": false,
            "id": "trivy-operator",
            "keyring": null,
            "lint": false,
            "manifest": null,
            "max_history": 0,
            "metadata": [
              {
                "app_version": "0.30.1",
                "chart": "trivy-operator",
                "name": "trivy-operator",
                "namespace": "trivy-system",
                "revision": 1,
                "values": "{\"trivy\":{\"ignoreUnfixed\":true}}",
                "version": "0.32.1"
              }
            ],
            "name": "trivy-operator",
            "namespace": "trivy-system",
            "pass_credentials": false,
            "postrender": [],
            "recreate_pods": false,
            "render_subchart_notes": true,
            "replace": false,
            "repository": "https://aquasecurity.github.io/helm-charts/",
            "repository_ca_file": null,
            "repository_cert_file": null,
            "repository_key_file": null,
            "repository_password": null,
            "repository_username": null,
            "reset_values": false,
            "reuse_values": false,
            "set": [
              {
                "name": "trivy.ignoreUnfixed",
                "type": "",
                "value": "true"
              }
            ],
            "set_list": [],
            "set_sensitive": [],
            "skip_crds": false,
            "status": "deployed",
            "timeout": 300,
            "values": null,
            "verify": false,
            "version": "0.32.1",
            "wait": true,
            "wait_for_jobs": false
          },
          "sensitive_attributes": [
            [
              {
                "type": "get_attr",
                "value": "repository_password"
              }
            ]
          ],
          "identity_schema_version": 0,
          "private": "eyJzY2hlbWFfdmVyc2lvbiI6IjEifQ=="
        }
      ]
    }
  ],
  "check_results": null
}
