{
  "version": 4,
  "terraform_version": "1.14.9",
  "serial": 1,
  "lineage": "1d2e5048-49ed-3d71-b5fe-b3c8926fc7f5",
  "outputs": {},
  "resources": [
    {
      "mode": "managed",
      "type": "local_file",
      "name": "notes",
      "provider": "provider[\"registry.terraform.io/hashicorp/local\"]",
      "instances": [
        {
          "schema_version": 0,
          "attributes": {
            "content": "Learning Terrafrom day 2",
            "content_base64": null,
            "content_base64sha256": "6sg2Hc/XG50tQJtAhR82x3ElVvMrtrtj8oacJmWSxvw=",
            "content_base64sha512": "kbm7bxXr2NXwjA3Y2xSI8QtiaXG5YLpusKfDiZd7HKseuD6q9Y1b1OUF9DtXrMVDTBu6TKMwPbOlcaMVue1ivw==",
            "content_md5": "ce02045f5ad36f0c33b00672942f4ded",
            "content_sha1": "ff416d152425613ed22824beca45ad8ed3d252be",
            "content_sha256": "eac8361dcfd71b9d2d409b40851f36c7712556f32bb6bb63f2869c266592c6fc",
            "content_sha512": "91b9bb6f15ebd8d5f08c0dd8db1488f10b626971b960ba6eb0a7c389977b1cab1eb83eaaf58d5bd4e505f43b57acc5434c1bba4ca3303db3a571a315b9ed62bf",
            "directory_permission": "0777",
            "file_permission": "0777",
            "filename": "notes.txt",
            "id": "ff416d152425613ed22824beca45ad8ed3d252be",
            "sensitive_content": null,
            "source": null
          },
          "sensitive_attributes": [
            [
              {
                "type": "get_attr",
                "value": "sensitive_content"
              }
            ]
          ],
          "identity_schema_version": 0
        }
      ]
    }
  ],
  "check_results": null
}
