{
  "version": 4,
  "terraform_version": "1.14.9",
  "serial": 30,
  "lineage": "b477bf82-70dd-d7a1-9a6a-9922fa813279",
  "outputs": {
    "environment": {
      "value": "test",
      "type": "string"
    },
    "file_name": {
      "value": "terraform-notes18.txt",
      "type": "string"
    }
  },
  "resources": [
    {
      "mode": "managed",
      "type": "local_file",
      "name": "notes",
      "provider": "provider[\"registry.terraform.io/hashicorp/local\"]",
      "instances": [
        {
          "schema_version": 0,
          "attributes": {
            "content": "Content     : Learning Terraform Variables\r\nEnvironment : test\r\nOwner       : prudhvi\r\n",
            "content_base64": null,
            "content_base64sha256": "v7fO9Ifo8nTpJMkW9vXISETgqaLwE6tGVJLUIr0YaW0=",
            "content_base64sha512": "gxAZWT67bE1DTn5W5iyWPETrLkhHZM+1wf/yNqmu9gIFmhv7r40nnpef53djzKv0oxZuoKdjzDcMovDpu0Xd7w==",
            "content_md5": "55f307bf6a7f74f2f52b8b13eb826f0d",
            "content_sha1": "ed51b40c9d818f8115d07967a5c39bc974a39255",
            "content_sha256": "bfb7cef487e8f274e924c916f6f5c84844e0a9a2f013ab465492d422bd18696d",
            "content_sha512": "831019593ebb6c4d434e7e56e62c963c44eb2e484764cfb5c1fff236a9aef602059a1bfbaf8d279e979fe77763ccabf4a3166ea0a763cc370ca2f0e9bb45ddef",
            "directory_permission": "0777",
            "file_permission": "0777",
            "filename": "terraform-notes18.txt",
            "id": "ed51b40c9d818f8115d07967a5c39bc974a39255",
            "sensitive_content": null,
            "source": null
          },
          "sensitive_attributes": [
            [
              {
                "type": "get_attr",
                "value": "sensitive_content"
              }
            ]
          ],
          "identity_schema_version": 0
        }
      ]
    }
  ],
  "check_results": null
}
